// !$*UTF8*$!
{
	archiveVersion = 1;
	classes = {
	};
	objectVersion = 50;
	objects = {

/* Begin PBXBuildFile section */
		2616F61B28BD6C9B7F6FB580 /* Pods_whatToDo.framework in Frameworks */ = {isa = PBXBuildFile; fileRef = D93F0DDA64643DF17C9F36FA /* Pods_whatToDo.framework */; };
		4D971CF82524736900B1F4A5 /* whatToDoApp.swift in Sources */ = {isa = PBXBuildFile; fileRef = 4D971CF72524736900B1F4A5 /* whatToDoApp.swift */; };
		4D971CFC2524736A00B1F4A5 /* Assets.xcassets in Resources */ = {isa = PBXBuildFile; fileRef = 4D971CFB2524736A00B1F4A5 /* Assets.xcassets */; };
		4D971CFF2524736A00B1F4A5 /* Preview Assets.xcassets in Resources */ = {isa = PBXBuildFile; fileRef = 4D971CFE2524736A00B1F4A5 /* Preview Assets.xcassets */; };
		4D971D0A2524736A00B1F4A5 /* whatToDoTests.swift in Sources */ = {isa = PBXBuildFile; fileRef = 4D971D092524736A00B1F4A5 /* whatToDoTests.swift */; };
		4D971D152524736A00B1F4A5 /* whatToDoUITests.swift in Sources */ = {isa = PBXBuildFile; fileRef = 4D971D142524736A00B1F4A5 /* whatToDoUITests.swift */; };
		4D971D34252473C100B1F4A5 /* Task.swift in Sources */ = {isa = PBXBuildFile; fileRef = 4D971D26252473C100B1F4A5 /* Task.swift */; };
		4D971D35252473C100B1F4A5 /* TaskListViewModel.swift in Sources */ = {isa = PBXBuildFile; fileRef = 4D971D28252473C100B1F4A5 /* TaskListViewModel.swift */; };
		4D971D36252473C100B1F4A5 /* TaskCellViewModel.swift in Sources */ = {isa = PBXBuildFile; fileRef = 4D971D29252473C100B1F4A5 /* TaskCellViewModel.swift */; };
		4D971D37252473C100B1F4A5 /* TaskListView.swift in Sources */ = {isa = PBXBuildFile; fileRef = 4D971D2B252473C100B1F4A5 /* TaskListView.swift */; };
		4D971D38252473C100B1F4A5 /* SignInWithAppleButton.swift in Sources */ = {isa = PBXBuildFile; fileRef = 4D971D2C252473C100B1F4A5 /* SignInWithAppleButton.swift */; };
		4D971D39252473C100B1F4A5 /* SignInView.swift in Sources */ = {isa = PBXBuildFile; fileRef = 4D971D2D252473C100B1F4A5 /* SignInView.swift */; };
		4D971D3A252473C100B1F4A5 /* TaskRepository.swift in Sources */ = {isa = PBXBuildFile; fileRef = 4D971D2F252473C100B1F4A5 /* TaskRepository.swift */; };
		4D971D3C252473C100B1F4A5 /* SignInWithAppleCoordinator.swift in Sources */ = {isa = PBXBuildFile; fileRef = 4D971D33252473C100B1F4A5 /* SignInWithAppleCoordinator.swift */; };
		4D971D4E252539AC00B1F4A5 /* GoogleService-Info.plist in Resources */ = {isa = PBXBuildFile; fileRef = 4D971D4D252539AC00B1F4A5 /* GoogleService-Info.plist */; };
/* End PBXBuildFile section */

/* Begin PBXContainerItemProxy section */
		4D971D062524736A00B1F4A5 /* PBXContainerItemProxy */ = {
			isa = PBXContainerItemProxy;
			containerPortal = 4D971CEC2524736900B1F4A5 /* Project object */;
			proxyType = 1;
			remoteGlobalIDString = 4D971CF32524736900B1F4A5;
			remoteInfo = whatToDo;
		};
		4D971D112524736A00B1F4A5 /* PBXContainerItemProxy */ = {
			isa = PBXContainerItemProxy;
			containerPortal = 4D971CEC2524736900B1F4A5 /* Project object */;
			proxyType = 1;
			remoteGlobalIDString = 4D971CF32524736900B1F4A5;
			remoteInfo = whatToDo;
		};
/* End PBXContainerItemProxy section */

/* Begin PBXFileReference section */
		177FB08198562A079695D263 /* Pods-whatToDo.debug.xcconfig */ = {isa = PBXFileReference; includeInIndex = 1; lastKnownFileType = text.xcconfig; name = "Pods-whatToDo.debug.xcconfig"; path = "Target Support Files/Pods-whatToDo/Pods-whatToDo.debug.xcconfig"; sourceTree = "<group>"; };
		4D971CF42524736900B1F4A5 /* whatToDo.app */ = {isa = PBXFileReference; explicitFileType = wrapper.application; includeInIndex = 0; path = whatToDo.app; sourceTree = BUILT_PRODUCTS_DIR; };
		4D971CF72524736900B1F4A5 /* whatToDoApp.swift */ = {isa = PBXFileReference; lastKnownFileType = sourcecode.swift; path = whatToDoApp.swift; sourceTree = "<group>"; };
		4D971CFB2524736A00B1F4A5 /* Assets.xcassets */ = {isa = PBXFileReference; lastKnownFileType = folder.assetcatalog; path = Assets.xcassets; sourceTree = "<group>"; };
		4D971CFE2524736A00B1F4A5 /* Preview Assets.xcassets */ = {isa = PBXFileReference; lastKnownFileType = folder.assetcatalog; path = "Preview Assets.xcassets"; sourceTree = "<group>"; };
		4D971D002524736A00B1F4A5 /* Info.plist */ = {isa = PBXFileReference; lastKnownFileType = text.plist.xml; path = Info.plist; sourceTree = "<group>"; };
		4D971D052524736A00B1F4A5 /* whatToDoTests.xctest */ = {isa = PBXFileReference; explicitFileType = wrapper.cfbundle; includeInIndex = 0; path = whatToDoTests.xctest; sourceTree = BUILT_PRODUCTS_DIR; };
		4D971D092524736A00B1F4A5 /* whatToDoTests.swift */ = {isa = PBXFileReference; lastKnownFileType = sourcecode.swift; path = whatToDoTests.swift; sourceTree = "<group>"; };
		4D971D0B2524736A00B1F4A5 /* Info.plist */ = {isa = PBXFileReference; lastKnownFileType = text.plist.xml; path = Info.plist; sourceTree = "<group>"; };
		4D971D102524736A00B1F4A5 /* whatToDoUITests.xctest */ = {isa = PBXFileReference; explicitFileType = wrapper.cfbundle; includeInIndex = 0; path = whatToDoUITests.xctest; sourceTree = BUILT_PRODUCTS_DIR; };
		4D971D142524736A00B1F4A5 /* whatToDoUITests.swift */ = {isa = PBXFileReference; lastKnownFileType = sourcecode.swift; path = whatToDoUITests.swift; sourceTree = "<group>"; };
		4D971D162524736A00B1F4A5 /* Info.plist */ = {isa = PBXFileReference; lastKnownFileType = text.plist.xml; path = Info.plist; sourceTree = "<group>"; };
		4D971D26252473C100B1F4A5 /* Task.swift */ = {isa = PBXFileReference; fileEncoding = 4; lastKnownFileType = sourcecode.swift; path = Task.swift; sourceTree = "<group>"; };
		4D971D28252473C100B1F4A5 /* TaskListViewModel.swift */ = {isa = PBXFileReference; fileEncoding = 4; lastKnownFileType = sourcecode.swift; path = TaskListViewModel.swift; sourceTree = "<group>"; };
		4D971D29252473C100B1F4A5 /* TaskCellViewModel.swift */ = {isa = PBXFileReference; fileEncoding = 4; lastKnownFileType = sourcecode.swift; path = TaskCellViewModel.swift; sourceTree = "<group>"; };
		4D971D2B252473C100B1F4A5 /* TaskListView.swift */ = {isa = PBXFileReference; fileEncoding = 4; lastKnownFileType = sourcecode.swift; path = TaskListView.swift; sourceTree = "<group>"; };
		4D971D2C252473C100B1F4A5 /* SignInWithAppleButton.swift */ = {isa = PBXFileReference; fileEncoding = 4; lastKnownFileType = sourcecode.swift; path = SignInWithAppleButton.swift; sourceTree = "<group>"; };
		4D971D2D252473C100B1F4A5 /* SignInView.swift */ = {isa = PBXFileReference; fileEncoding = 4; lastKnownFileType = sourcecode.swift; path = SignInView.swift; sourceTree = "<group>"; };
		4D971D2F252473C100B1F4A5 /* TaskRepository.swift */ = {isa = PBXFileReference; fileEncoding = 4; lastKnownFileType = sourcecode.swift; path = TaskRepository.swift; sourceTree = "<group>"; };
		4D971D33252473C100B1F4A5 /* SignInWithAppleCoordinator.swift */ = {isa = PBXFileReference; fileEncoding = 4; lastKnownFileType = sourcecode.swift; path = SignInWithAppleCoordinator.swift; sourceTree = "<group>"; };
		4D971D432525381800B1F4A5 /* whatToDo.entitlements */ = {isa = PBXFileReference; lastKnownFileType = text.plist.entitlements; path = whatToDo.entitlements; sourceTree = "<group>"; };
		4D971D4D252539AC00B1F4A5 /* GoogleService-Info.plist */ = {isa = PBXFileReference; fileEncoding = 4; lastKnownFileType = text.plist.xml; path = "GoogleService-Info.plist"; sourceTree = "<group>"; };
		D93F0DDA64643DF17C9F36FA /* Pods_whatToDo.framework */ = {isa = PBXFileReference; explicitFileType = wrapper.framework; includeInIndex = 0; path = Pods_whatToDo.framework; sourceTree = BUILT_PRODUCTS_DIR; };
		DBC5F38EE1950EC8B1F92909 /* Pods-whatToDo.release.xcconfig */ = {isa = PBXFileReference; includeInIndex = 1; lastKnownFileType = text.xcconfig; name = "Pods-whatToDo.release.xcconfig"; path = "Target Support Files/Pods-whatToDo/Pods-whatToDo.release.xcconfig"; sourceTree = "<group>"; };
/* End PBXFileReference section */

/* Begin PBXFrameworksBuildPhase section */
		4D971CF12524736900B1F4A5 /* Frameworks */ = {
			isa = PBXFrameworksBuildPhase;
			buildActionMask = 2147483647;
			files = (
				2616F61B28BD6C9B7F6FB580 /* Pods_whatToDo.framework in Frameworks */,
			);
			runOnlyForDeploymentPostprocessing = 0;
		};
		4D971D022524736A00B1F4A5 /* Frameworks */ = {
			isa = PBXFrameworksBuildPhase;
			buildActionMask = 2147483647;
			files = (
			);
			runOnlyForDeploymentPostprocessing = 0;
		};
		4D971D0D2524736A00B1F4A5 /* Frameworks */ = {
			isa = PBXFrameworksBuildPhase;
			buildActionMask = 2147483647;
			files = (
			);
			runOnlyForDeploymentPostprocessing = 0;
		};
/* End PBXFrameworksBuildPhase section */

/* Begin PBXGroup section */
		4D971CEB2524736900B1F4A5 = {
			isa = PBXGroup;
			children = (
				4D971CF62524736900B1F4A5 /* whatToDo */,
				4D971D082524736A00B1F4A5 /* whatToDoTests */,
				4D971D132524736A00B1F4A5 /* whatToDoUITests */,
				4D971CF52524736900B1F4A5 /* Products */,
				919823A7299785ADCE9D43E0 /* Pods */,
				82F6099A5CB0F589BB82C6B7 /* Frameworks */,
			);
			sourceTree = "<group>";
		};
		4D971CF52524736900B1F4A5 /* Products */ = {
			isa = PBXGroup;
			children = (
				4D971CF42524736900B1F4A5 /* whatToDo.app */,
				4D971D052524736A00B1F4A5 /* whatToDoTests.xctest */,
				4D971D102524736A00B1F4A5 /* whatToDoUITests.xctest */,
			);
			name = Products;
			sourceTree = "<group>";
		};
		4D971CF62524736900B1F4A5 /* whatToDo */ = {
			isa = PBXGroup;
			children = (
				4D971D432525381800B1F4A5 /* whatToDo.entitlements */,
				4D971D30252473C100B1F4A5 /* App */,
				4D971D25252473C100B1F4A5 /* Model */,
				4D971D2E252473C100B1F4A5 /* Repositories */,
				4D971D32252473C100B1F4A5 /* Services */,
				4D971D2A252473C100B1F4A5 /* View */,
				4D971D27252473C100B1F4A5 /* ViewModels */,
				4D971CFB2524736A00B1F4A5 /* Assets.xcassets */,
				4D971D002524736A00B1F4A5 /* Info.plist */,
				4D971D4D252539AC00B1F4A5 /* GoogleService-Info.plist */,
				4D971CFD2524736A00B1F4A5 /* Preview Content */,
			);
			path = whatToDo;
			sourceTree = "<group>";
		};
		4D971CFD2524736A00B1F4A5 /* Preview Content */ = {
			isa = PBXGroup;
			children = (
				4D971CFE2524736A00B1F4A5 /* Preview Assets.xcassets */,
			);
			path = "Preview Content";
			sourceTree = "<group>";
		};
		4D971D082524736A00B1F4A5 /* whatToDoTests */ = {
			isa = PBXGroup;
			children = (
				4D971D092524736A00B1F4A5 /* whatToDoTests.swift */,
				4D971D0B2524736A00B1F4A5 /* Info.plist */,
			);
			path = whatToDoTests;
			sourceTree = "<group>";
		};
		4D971D132524736A00B1F4A5 /* whatToDoUITests */ = {
			isa = PBXGroup;
			children = (
				4D971D142524736A00B1F4A5 /* whatToDoUITests.swift */,
				4D971D162524736A00B1F4A5 /* Info.plist */,
			);
			path = whatToDoUITests;
			sourceTree = "<group>";
		};
		4D971D25252473C100B1F4A5 /* Model */ = {
			isa = PBXGroup;
			children = (
				4D971D26252473C100B1F4A5 /* Task.swift */,
			);
			path = Model;
			sourceTree = "<group>";
		};
		4D971D27252473C100B1F4A5 /* ViewModels */ = {
			isa = PBXGroup;
			children = (
				4D971D28252473C100B1F4A5 /* TaskListViewModel.swift */,
				4D971D29252473C100B1F4A5 /* TaskCellViewModel.swift */,
			);
			path = ViewModels;
			sourceTree = "<group>";
		};
		4D971D2A252473C100B1F4A5 /* View */ = {
			isa = PBXGroup;
			children = (
				4D971D2B252473C100B1F4A5 /* TaskListView.swift */,
				4D971D2C252473C100B1F4A5 /* SignInWithAppleButton.swift */,
				4D971D2D252473C100B1F4A5 /* SignInView.swift */,
			);
			path = View;
			sourceTree = "<group>";
		};
		4D971D2E252473C100B1F4A5 /* Repositories */ = {
			isa = PBXGroup;
			children = (
				4D971D2F252473C100B1F4A5 /* TaskRepository.swift */,
			);
			path = Repositories;
			sourceTree = "<group>";
		};
		4D971D30252473C100B1F4A5 /* App */ = {
			isa = PBXGroup;
			children = (
				4D971CF72524736900B1F4A5 /* whatToDoApp.swift */,
			);
			path = App;
			sourceTree = "<group>";
		};
		4D971D32252473C100B1F4A5 /* Services */ = {
			isa = PBXGroup;
			children = (
				4D971D33252473C100B1F4A5 /* SignInWithAppleCoordinator.swift */,
			);
			path = Services;
			sourceTree = "<group>";
		};
		82F6099A5CB0F589BB82C6B7 /* Frameworks */ = {
			isa = PBXGroup;
			children = (
				D93F0DDA64643DF17C9F36FA /* Pods_whatToDo.framework */,
			);
			name = Frameworks;
			sourceTree = "<group>";
		};
		919823A7299785ADCE9D43E0 /* Pods */ = {
			isa = PBXGroup;
			children = (
				177FB08198562A079695D263 /* Pods-whatToDo.debug.xcconfig */,
				DBC5F38EE1950EC8B1F92909 /* Pods-whatToDo.release.xcconfig */,
			);
			name = Pods;
			path = Pods;
			sourceTree = "<group>";
		};
/* End PBXGroup section */

/* Begin PBXNativeTarget section */
		4D971CF32524736900B1F4A5 /* whatToDo */ = {
			isa = PBXNativeTarget;
			buildConfigurationList = 4D971D192524736A00B1F4A5 /* Build configuration list for PBXNativeTarget "whatToDo" */;
			buildPhases = (
				0B2690F267E116DD6E87BA1D /* [CP] Check Pods Manifest.lock */,
				4D971CF02524736900B1F4A5 /* Sources */,
				4D971CF12524736900B1F4A5 /* Frameworks */,
				4D971CF22524736900B1F4A5 /* Resources */,
				532AFBCD032C9A23B4155AD4 /* [CP] Embed Pods Frameworks */,
			);
			buildRules = (
			);
			dependencies = (
			);
			name = whatToDo;
			productName = whatToDo;
			productReference = 4D971CF42524736900B1F4A5 /* whatToDo.app */;
			productType = "com.apple.product-type.application";
		};
		4D971D042524736A00B1F4A5 /* whatToDoTests */ = {
			isa = PBXNativeTarget;
			buildConfigurationList = 4D971D1C2524736A00B1F4A5 /* Build configuration list for PBXNativeTarget "whatToDoTests" */;
			buildPhases = (
				4D971D012524736A00B1F4A5 /* Sources */,
				4D971D022524736A00B1F4A5 /* Frameworks */,
				4D971D032524736A00B1F4A5 /* Resources */,
			);
			buildRules = (
			);
			dependencies = (
				4D971D072524736A00B1F4A5 /* PBXTargetDependency */,
			);
			name = whatToDoTests;
			productName = whatToDoTests;
			productReference = 4D971D052524736A00B1F4A5 /* whatToDoTests.xctest */;
			productType = "com.apple.product-type.bundle.unit-test";
		};
		4D971D0F2524736A00B1F4A5 /* whatToDoUITests */ = {
			isa = PBXNativeTarget;
			buildConfigurationList = 4D971D1F2524736A00B1F4A5 /* Build configuration list for PBXNativeTarget "whatToDoUITests" */;
			buildPhases = (
				4D971D0C2524736A00B1F4A5 /* Sources */,
				4D971D0D2524736A00B1F4A5 /* Frameworks */,
				4D971D0E2524736A00B1F4A5 /* Resources */,
			);
			buildRules = (
			);
			dependencies = (
				4D971D122524736A00B1F4A5 /* PBXTargetDependency */,
			);
			name = whatToDoUITests;
			productName = whatToDoUITests;
			productReference = 4D971D102524736A00B1F4A5 /* whatToDoUITests.xctest */;
			productType = "com.apple.product-type.bundle.ui-testing";
		};
/* End PBXNativeTarget section */

/* Begin PBXProject section */
		4D971CEC2524736900B1F4A5 /* Project object */ = {
			isa = PBXProject;
			attributes = {
				LastSwiftUpdateCheck = 1200;
				LastUpgradeCheck = 1200;
				TargetAttributes = {
					4D971CF32524736900B1F4A5 = {
						CreatedOnToolsVersion = 12.0.1;
					};
					4D971D042524736A00B1F4A5 = {
						CreatedOnToolsVersion = 12.0.1;
						TestTargetID = 4D971CF32524736900B1F4A5;
					};
					4D971D0F2524736A00B1F4A5 = {
						CreatedOnToolsVersion = 12.0.1;
						TestTargetID = 4D971CF32524736900B1F4A5;
					};
				};
			};
			buildConfigurationList = 4D971CEF2524736900B1F4A5 /* Build configuration list for PBXProject "whatToDo" */;
			compatibilityVersion = "Xcode 9.3";
			developmentRegion = en;
			hasScannedForEncodings = 0;
			knownRegions = (
				en,
				Base,
			);
			mainGroup = 4D971CEB2524736900B1F4A5;
			productRefGroup = 4D971CF52524736900B1F4A5 /* Products */;
			projectDirPath = "";
			projectRoot = "";
			targets = (
				4D971CF32524736900B1F4A5 /* whatToDo */,
				4D971D042524736A00B1F4A5 /* whatToDoTests */,
				4D971D0F2524736A00B1F4A5 /* whatToDoUITests */,
			);
		};
/* End PBXProject section */

/* Begin PBXResourcesBuildPhase section */
		4D971CF22524736900B1F4A5 /* Resources */ = {
			isa = PBXResourcesBuildPhase;
			buildActionMask = 2147483647;
			files = (
				4D971CFF2524736A00B1F4A5 /* Preview Assets.xcassets in Resources */,
				4D971CFC2524736A00B1F4A5 /* Assets.xcassets in Resources */,
				4D971D4E252539AC00B1F4A5 /* GoogleService-Info.plist in Resources */,
			);
			runOnlyForDeploymentPostprocessing = 0;
		};
		4D971D032524736A00B1F4A5 /* Resources */ = {
			isa = PBXResourcesBuildPhase;
			buildActionMask = 2147483647;
			files = (
			);
			runOnlyForDeploymentPostprocessing = 0;
		};
		4D971D0E2524736A00B1F4A5 /* Resources */ = {
			isa = PBXResourcesBuildPhase;
			buildActionMask = 2147483647;
			files = (
			);
			runOnlyForDeploymentPostprocessing = 0;
		};
/* End PBXResourcesBuildPhase section */

/* Begin PBXShellScriptBuildPhase section */
		0B2690F267E116DD6E87BA1D /* [CP] Check Pods Manifest.lock */ = {
			isa = PBXShellScriptBuildPhase;
			buildActionMask = 2147483647;
			files = (
			);
			inputFileListPaths = (
			);
			inputPaths = (
				"${PODS_PODFILE_DIR_PATH}/Podfile.lock",
				"${PODS_ROOT}/Manifest.lock",
			);
			name = "[CP] Check Pods Manifest.lock";
			outputFileListPaths = (
			);
			outputPaths = (
				"$(DERIVED_FILE_DIR)/Pods-whatToDo-checkManifestLockResult.txt",
			);
			runOnlyForDeploymentPostprocessing = 0;
			shellPath = /bin/sh;
			shellScript = "diff \"${PODS_PODFILE_DIR_PATH}/Podfile.lock\" \"${PODS_ROOT}/Manifest.lock\" > /dev/null\nif [ $? != 0 ] ; then\n    # print error to STDERR\n    echo \"error: The sandbox is not in sync with the Podfile.lock. Run 'pod install' or update your CocoaPods installation.\" >&2\n    exit 1\nfi\n# This output is used by Xcode 'outputs' to avoid re-running this script phase.\necho \"SUCCESS\" > \"${SCRIPT_OUTPUT_FILE_0}\"\n";
			showEnvVarsInLog = 0;
		};
		532AFBCD032C9A23B4155AD4 /* [CP] Embed Pods Frameworks */ = {
			isa = PBXShellScriptBuildPhase;
			buildActionMask = 2147483647;
			files = (
			);
			inputFileListPaths = (
				"${PODS_ROOT}/Target Support Files/Pods-whatToDo/Pods-whatToDo-frameworks-${CONFIGURATION}-input-files.xcfilelist",
			);
			name = "[CP] Embed Pods Frameworks";
			outputFileListPaths = (
				"${PODS_ROOT}/Target Support Files/Pods-whatToDo/Pods-whatToDo-frameworks-${CONFIGURATION}-output-files.xcfilelist",
			);
			runOnlyForDeploymentPostprocessing = 0;
			shellPath = /bin/sh;
			shellScript = "\"${PODS_ROOT}/Target Support Files/Pods-whatToDo/Pods-whatToDo-frameworks.sh\"\n";
			showEnvVarsInLog = 0;
		};
/* End PBXShellScriptBuildPhase section */

/* Begin PBXSourcesBuildPhase section */
		4D971CF02524736900B1F4A5 /* Sources */ = {
			isa = PBXSourcesBuildPhase;
			buildActionMask = 2147483647;
			files = (
				4D971D35252473C100B1F4A5 /* TaskListViewModel.swift in Sources */,
				4D971D34252473C100B1F4A5 /* Task.swift in Sources */,
				4D971CF82524736900B1F4A5 /* whatToDoApp.swift in Sources */,
				4D971D36252473C100B1F4A5 /* TaskCellViewModel.swift in Sources */,
				4D971D37252473C100B1F4A5 /* TaskListView.swift in Sources */,
				4D971D3C252473C100B1F4A5 /* SignInWithAppleCoordinator.swift in Sources */,
				4D971D3A252473C100B1F4A5 /* TaskRepository.swift in Sources */,
				4D971D39252473C100B1F4A5 /* SignInView.swift in Sources */,
				4D971D38252473C100B1F4A5 /* SignInWithAppleButton.swift in Sources */,
			);
			runOnlyForDeploymentPostprocessing = 0;
		};
		4D971D012524736A00B1F4A5 /* Sources */ = {
			isa = PBXSourcesBuildPhase;
			buildActionMask = 2147483647;
			files = (
				4D971D0A2524736A00B1F4A5 /* whatToDoTests.swift in Sources */,
			);
			runOnlyForDeploymentPostprocessing = 0;
		};
		4D971D0C2524736A00B1F4A5 /* Sources */ = {
			isa = PBXSourcesBuildPhase;
			buildActionMask = 2147483647;
			files = (
				4D971D152524736A00B1F4A5 /* whatToDoUITests.swift in Sources */,
			);
			runOnlyForDeploymentPostprocessing = 0;
		};
/* End PBXSourcesBuildPhase section */

/* Begin PBXTargetDependency section */
		4D971D072524736A00B1F4A5 /* PBXTargetDependency */ = {
			isa = PBXTargetDependency;
			target = 4D971CF32524736900B1F4A5 /* whatToDo */;
			targetProxy = 4D971D062524736A00B1F4A5 /* PBXContainerItemProxy */;
		};
		4D971D122524736A00B1F4A5 /* PBXTargetDependency */ = {
			isa = PBXTargetDependency;
			target = 4D971CF32524736900B1F4A5 /* whatToDo */;
			targetProxy = 4D971D112524736A00B1F4A5 /* PBXContainerItemProxy */;
		};
/* End PBXTargetDependency section */

/* Begin XCBuildConfiguration section */
		4D971D172524736A00B1F4A5 /* Debug */ = {
			isa = XCBuildConfiguration;
			buildSettings = {
				ALWAYS_SEARCH_USER_PATHS = NO;
				CLANG_ANALYZER_NONNULL = YES;
				CLANG_ANALYZER_NUMBER_OBJECT_CONVERSION = YES_AGGRESSIVE;
				CLANG_CXX_LANGUAGE_STANDARD = "gnu++14";
				CLANG_CXX_LIBRARY = "libc++";
				CLANG_ENABLE_MODULES = YES;
				CLANG_ENABLE_OBJC_ARC = YES;
				CLANG_ENABLE_OBJC_WEAK = YES;
				CLANG_WARN_BLOCK_CAPTURE_AUTORELEASING = YES;
				CLANG_WARN_BOOL_CONVERSION = YES;
				CLANG_WARN_COMMA = YES;
				CLANG_WARN_CONSTANT_CONVERSION = YES;
				CLANG_WARN_DEPRECATED_OBJC_IMPLEMENTATIONS = YES;
				CLANG_WARN_DIRECT_OBJC_ISA_USAGE = YES_ERROR;
				CLANG_WARN_DOCUMENTATION_COMMENTS = YES;
				CLANG_WARN_EMPTY_BODY = YES;
				CLANG_WARN_ENUM_CONVERSION = YES;
				CLANG_WARN_INFINITE_RECURSION = YES;
				CLANG_WARN_INT_CONVERSION = YES;
				CLANG_WARN_NON_LITERAL_NULL_CONVERSION = YES;
				CLANG_WARN_OBJC_IMPLICIT_RETAIN_SELF = YES;
				CLANG_WARN_OBJC_LITERAL_CONVERSION = YES;
				CLANG_WARN_OBJC_ROOT_CLASS = YES_ERROR;
				CLANG_WARN_QUOTED_INCLUDE_IN_FRAMEWORK_HEADER = YES;
				CLANG_WARN_RANGE_LOOP_ANALYSIS = YES;
				CLANG_WARN_STRICT_PROTOTYPES = YES;
				CLANG_WARN_SUSPICIOUS_MOVE = YES;
				CLANG_WARN_UNGUARDED_AVAILABILITY = YES_AGGRESSIVE;
				CLANG_WARN_UNREACHABLE_CODE = YES;
				CLANG_WARN__DUPLICATE_METHOD_MATCH = YES;
				COPY_PHASE_STRIP = NO;
				DEBUG_INFORMATION_FORMAT = dwarf;
				ENABLE_STRICT_OBJC_MSGSEND = YES;
				ENABLE_TESTABILITY = YES;
				GCC_C_LANGUAGE_STANDARD = gnu11;
				GCC_DYNAMIC_NO_PIC = NO;
				GCC_NO_COMMON_BLOCKS = YES;
				GCC_OPTIMIZATION_LEVEL = 0;
				GCC_PREPROCESSOR_DEFINITIONS = (
					"DEBUG=1",
					"$(inherited)",
				);
				GCC_WARN_64_TO_32_BIT_CONVERSION = YES;
				GCC_WARN_ABOUT_RETURN_TYPE = YES_ERROR;
				GCC_WARN_UNDECLARED_SELECTOR = YES;
				GCC_WARN_UNINITIALIZED_AUTOS = YES_AGGRESSIVE;
				GCC_WARN_UNUSED_FUNCTION = YES;
				GCC_WARN_UNUSED_VARIABLE = YES;
				IPHONEOS_DEPLOYMENT_TARGET = 14.0;
				MTL_ENABLE_DEBUG_INFO = INCLUDE_SOURCE;
				MTL_FAST_MATH = YES;
				ONLY_ACTIVE_ARCH = YES;
				SDKROOT = iphoneos;
				SWIFT_ACTIVE_COMPILATION_CONDITIONS = DEBUG;
				SWIFT_OPTIMIZATION_LEVEL = "-Onone";
			};
			name = Debug;
		};
		4D971D182524736A00B1F4A5 /* Release */ = {
			isa = XCBuildConfiguration;
			buildSettings = {
				ALWAYS_SEARCH_USER_PATHS = NO;
				CLANG_ANALYZER_NONNULL = YES;
				CLANG_ANALYZER_NUMBER_OBJECT_CONVERSION = YES_AGGRESSIVE;
				CLANG_CXX_LANGUAGE_STANDARD = "gnu++14";
				CLANG_CXX_LIBRARY = "libc++";
				CLANG_ENABLE_MODULES = YES;
				CLANG_ENABLE_OBJC_ARC = YES;
				CLANG_ENABLE_OBJC_WEAK = YES;
				CLANG_WARN_BLOCK_CAPTURE_AUTORELEASING = YES;
				CLANG_WARN_BOOL_CONVERSION = YES;
				CLANG_WARN_COMMA = YES;
				CLANG_WARN_CONSTANT_CONVERSION = YES;
				CLANG_WARN_DEPRECATED_OBJC_IMPLEMENTATIONS = YES;
				CLANG_WARN_DIRECT_OBJC_ISA_USAGE = YES_ERROR;
				CLANG_WARN_DOCUMENTATION_COMMENTS = YES;
				CLANG_WARN_EMPTY_BODY = YES;
				CLANG_WARN_ENUM_CONVERSION = YES;
				CLANG_WARN_INFINITE_RECURSION = YES;
				CLANG_WARN_INT_CONVERSION = YES;
				CLANG_WARN_NON_LITERAL_NULL_CONVERSION = YES;
				CLANG_WARN_OBJC_IMPLICIT_RETAIN_SELF = YES;
				CLANG_WARN_OBJC_LITERAL_CONVERSION = YES;
				CLANG_WARN_OBJC_ROOT_CLASS = YES_ERROR;
				CLANG_WARN_QUOTED_INCLUDE_IN_FRAMEWORK_HEADER = YES;
				CLANG_WARN_RANGE_LOOP_ANALYSIS = YES;
				CLANG_WARN_STRICT_PROTOTYPES = YES;
				CLANG_WARN_SUSPICIOUS_MOVE = YES;
				CLANG_WARN_UNGUARDED_AVAILABILITY = YES_AGGRESSIVE;
				CLANG_WARN_UNREACHABLE_CODE = YES;
				CLANG_WARN__DUPLICATE_METHOD_MATCH = YES;
				COPY_PHASE_STRIP = NO;
				DEBUG_INFORMATION_FORMAT = "dwarf-with-dsym";
				ENABLE_NS_ASSERTIONS = NO;
				ENABLE_STRICT_OBJC_MSGSEND = YES;
				GCC_C_LANGUAGE_STANDARD = gnu11;
				GCC_NO_COMMON_BLOCKS = YES;
				GCC_WARN_64_TO_32_BIT_CONVERSION = YES;
				GCC_WARN_ABOUT_RETURN_TYPE = YES_ERROR;
				GCC_WARN_UNDECLARED_SELECTOR = YES;
				GCC_WARN_UNINITIALIZED_AUTOS = YES_AGGRESSIVE;
				GCC_WARN_UNUSED_FUNCTION = YES;
				GCC_WARN_UNUSED_VARIABLE = YES;
				IPHONEOS_DEPLOYMENT_TARGET = 14.0;
				MTL_ENABLE_DEBUG_INFO = NO;
				MTL_FAST_MATH = YES;
				SDKROOT = iphoneos;
				SWIFT_COMPILATION_MODE = wholemodule;
				SWIFT_OPTIMIZATION_LEVEL = "-O";
				VALIDATE_PRODUCT = YES;
			};
			name = Release;
		};
		4D971D1A2524736A00B1F4A5 /* Debug */ = {
			isa = XCBuildConfiguration;
			baseConfigurationReference = 177FB08198562A079695D263 /* Pods-whatToDo.debug.xcconfig */;
			buildSettings = {
				ASSETCATALOG_COMPILER_APPICON_NAME = AppIcon;
				ASSETCATALOG_COMPILER_GLOBAL_ACCENT_COLOR_NAME = AccentColor;
				CODE_SIGN_ENTITLEMENTS = whatToDo/whatToDo.entitlements;
				CODE_SIGN_STYLE = Automatic;
				DEVELOPMENT_ASSET_PATHS = "\"whatToDo/Preview Content\"";
				DEVELOPMENT_TEAM = 7J7R843574;
				ENABLE_PREVIEWS = YES;
				INFOPLIST_FILE = whatToDo/Info.plist;
				IPHONEOS_DEPLOYMENT_TARGET = 14.0;
				LD_RUNPATH_SEARCH_PATHS = (
					"$(inherited)",
					"@executable_path/Frameworks",
				);
				PRODUCT_BUNDLE_IDENTIFIER = Dobuzi.whatToDo;
				PRODUCT_NAME = "$(TARGET_NAME)";
				SWIFT_VERSION = 5.0;
				TARGETED_DEVICE_FAMILY = "1,2";
			};
			name = Debug;
		};
		4D971D1B2524736A00B1F4A5 /* Release */ = {
			isa = XCBuildConfiguration;
			baseConfigurationReference = DBC5F38EE1950EC8B1F92909 /* Pods-whatToDo.release.xcconfig */;
			buildSettings = {
				ASSETCATALOG_COMPILER_APPICON_NAME = AppIcon;
				ASSETCATALOG_COMPILER_GLOBAL_ACCENT_COLOR_NAME = AccentColor;
				CODE_SIGN_ENTITLEMENTS = whatToDo/whatToDo.entitlements;
				CODE_SIGN_STYLE = Automatic;
				DEVELOPMENT_ASSET_PATHS = "\"whatToDo/Preview Content\"";
				DEVELOPMENT_TEAM = 7J7R843574;
				ENABLE_PREVIEWS = YES;
				INFOPLIST_FILE = whatToDo/Info.plist;
				IPHONEOS_DEPLOYMENT_TARGET = 14.0;
				LD_RUNPATH_SEARCH_PATHS = (
					"$(inherited)",
					"@executable_path/Frameworks",
				);
				PRODUCT_BUNDLE_IDENTIFIER = Dobuzi.whatToDo;
				PRODUCT_NAME = "$(TARGET_NAME)";
				SWIFT_VERSION = 5.0;
				TARGETED_DEVICE_FAMILY = "1,2";
			};
			name = Release;
		};
		4D971D1D2524736A00B1F4A5 /* Debug */ = {
			isa = XCBuildConfiguration;
			buildSettings = {
				ALWAYS_EMBED_SWIFT_STANDARD_LIBRARIES = YES;
				BUNDLE_LOADER = "$(TEST_HOST)";
				CODE_SIGN_STYLE = Automatic;
				DEVELOPMENT_TEAM = 7J7R843574;
				INFOPLIST_FILE = whatToDoTests/Info.plist;
				IPHONEOS_DEPLOYMENT_TARGET = 14.0;
				LD_RUNPATH_SEARCH_PATHS = (
					"$(inherited)",
					"@executable_path/Frameworks",
					"@loader_path/Frameworks",
				);
				PRODUCT_BUNDLE_IDENTIFIER = Dobuzi.whatToDoTests;
				PRODUCT_NAME = "$(TARGET_NAME)";
				SWIFT_VERSION = 5.0;
				TARGETED_DEVICE_FAMILY = "1,2";
				TEST_HOST = "$(BUILT_PRODUCTS_DIR)/whatToDo.app/whatToDo";
			};
			name = Debug;
		};
		4D971D1E2524736A00B1F4A5 /* Release */ = {
			isa = XCBuildConfiguration;
			buildSettings = {
				ALWAYS_EMBED_SWIFT_STANDARD_LIBRARIES = YES;
				BUNDLE_LOADER = "$(TEST_HOST)";
				CODE_SIGN_STYLE = Automatic;
				DEVELOPMENT_TEAM = 7J7R843574;
				INFOPLIST_FILE = whatToDoTests/Info.plist;
				IPHONEOS_DEPLOYMENT_TARGET = 14.0;
				LD_RUNPATH_SEARCH_PATHS = (
					"$(inherited)",
					"@executable_path/Frameworks",
					"@loader_path/Frameworks",
				);
				PRODUCT_BUNDLE_IDENTIFIER = Dobuzi.whatToDoTests;
				PRODUCT_NAME = "$(TARGET_NAME)";
				SWIFT_VERSION = 5.0;
				TARGETED_DEVICE_FAMILY = "1,2";
				TEST_HOST = "$(BUILT_PRODUCTS_DIR)/whatToDo.app/whatToDo";
			};
			name = Release;
		};
		4D971D202524736A00B1F4A5 /* Debug */ = {
			isa = XCBuildConfiguration;
			buildSettings = {
				ALWAYS_EMBED_SWIFT_STANDARD_LIBRARIES = YES;
				CODE_SIGN_STYLE = Automatic;
				DEVELOPMENT_TEAM = 7J7R843574;
				INFOPLIST_FILE = whatToDoUITests/Info.plist;
				LD_RUNPATH_SEARCH_PATHS = (
					"$(inherited)",
					"@executable_path/Frameworks",
					"@loader_path/Frameworks",
				);
				PRODUCT_BUNDLE_IDENTIFIER = Dobuzi.whatToDoUITests;
				PRODUCT_NAME = "$(TARGET_NAME)";
				SWIFT_VERSION = 5.0;
				TARGETED_DEVICE_FAMILY = "1,2";
				TEST_TARGET_NAME = whatToDo;
			};
			name = Debug;
		};
		4D971D212524736A00B1F4A5 /* Release */ = {
			isa = XCBuildConfiguration;
			buildSettings = {
				ALWAYS_EMBED_SWIFT_STANDARD_LIBRARIES = YES;
				CODE_SIGN_STYLE = Automatic;
				DEVELOPMENT_TEAM = 7J7R843574;
				INFOPLIST_FILE = whatToDoUITests/Info.plist;
				LD_RUNPATH_SEARCH_PATHS = (
					"$(inherited)",
					"@executable_path/Frameworks",
					"@loader_path/Frameworks",
				);
				PRODUCT_BUNDLE_IDENTIFIER = Dobuzi.whatToDoUITests;
				PRODUCT_NAME = "$(TARGET_NAME)";
				SWIFT_VERSION = 5.0;
				TARGETED_DEVICE_FAMILY = "1,2";
				TEST_TARGET_NAME = whatToDo;
			};
			name = Release;
		};
/* End XCBuildConfiguration section */

/* Begin XCConfigurationList section */
		4D971CEF2524736900B1F4A5 /* Build configuration list for PBXProject "whatToDo" */ = {
			isa = XCConfigurationList;
			buildConfigurations = (
				4D971D172524736A00B1F4A5 /* Debug */,
				4D971D182524736A00B1F4A5 /* Release */,
			);
			defaultConfigurationIsVisible = 0;
			defaultConfigurationName = Release;
		};
		4D971D192524736A00B1F4A5 /* Build configuration list for PBXNativeTarget "whatToDo" */ = {
			isa = XCConfigurationList;
			buildConfigurations = (
				4D971D1A2524736A00B1F4A5 /* Debug */,
				4D971D1B2524736A00B1F4A5 /* Release */,
			);
			defaultConfigurationIsVisible = 0;
			defaultConfigurationName = Release;
		};
		4D971D1C2524736A00B1F4A5 /* Build configuration list for PBXNativeTarget "whatToDoTests" */ = {
			isa = XCConfigurationList;
			buildConfigurations = (
				4D971D1D2524736A00B1F4A5 /* Debug */,
				4D971D1E2524736A00B1F4A5 /* Release */,
			);
			defaultConfigurationIsVisible = 0;
			defaultConfigurationName = Release;
		};
		4D971D1F2524736A00B1F4A5 /* Build configuration list for PBXNativeTarget "whatToDoUITests" */ = {
			isa = XCConfigurationList;
			buildConfigurations = (
				4D971D202524736A00B1F4A5 /* Debug */,
				4D971D212524736A00B1F4A5 /* Release */,
			);
			defaultConfigurationIsVisible = 0;
			defaultConfigurationName = Release;
		};
/* End XCConfigurationList section */
	};
	rootObject = 4D971CEC2524736900B1F4A5 /* Project object */;
}
